
Microsoft Visual Studio Solution File, Format Version 12.00
# Visual Studio Version 17
VisualStudioVersion = 17.5.33516.290
MinimumVisualStudioVersion = 10.0.40219.1
Project("{FAE04EC0-301F-11D3-BF4B-00C04F79EFBC}") = "UniversityProject", "UniversityProject\UniversityProject.csproj", "{F7E65D0C-5FD8-4638-8286-459DEC421ACF}"
EndProject
Global
	GlobalSection(SolutionConfigurationPlatforms) = preSolution
		Debug|Any CPU = Debug|Any CPU
		Release|Any CPU = Release|Any CPU
	EndGlobalSection
	GlobalSection(ProjectConfigurationPlatforms) = postSolution
		{F7E65D0C-5FD8-4638-8286-459DEC421ACF}.Debug|Any CPU.ActiveCfg = Debug|Any CPU
		{F7E65D0C-5FD8-4638-8286-459DEC421ACF}.Debug|Any CPU.Build.0 = Debug|Any CPU
		{F7E65D0C-5FD8-4638-8286-459DEC421ACF}.Release|Any CPU.ActiveCfg = Release|Any CPU
		{F7E65D0C-5FD8-4638-8286-459DEC421ACF}.Release|Any CPU.Build.0 = Release|Any CPU
	EndGlobalSection
	GlobalSection(SolutionProperties) = preSolution
		HideSolutionNode = FALSE
	EndGlobalSection
	GlobalSection(ExtensibilityGlobals) = postSolution
		SolutionGuid = {14E03420-712B-4F88-9399-C724073B71E8}
	EndGlobalSection
EndGlobal
